PODS:
  - connectivity (0.0.1):
    - Flutter
    - Reachability
  - device_id (0.0.1):
    - Flutter
  - Flutter (1.0.0)
  - flutter_is_emulator (0.0.1):
    - Flutter
  - path_provider (0.0.1):
    - Flutter
  - Reachability (3.2)

DEPENDENCIES:
  - connectivity (from `.symlinks/plugins/connectivity/ios`)
  - device_id (from `.symlinks/plugins/device_id/ios`)
  - Flutter (from `Flutter`)
  - flutter_is_emulator (from `.symlinks/plugins/flutter_is_emulator/ios`)
  - path_provider (from `.symlinks/plugins/path_provider/ios`)

SPEC REPOS:
  trunk:
    - Reachability

EXTERNAL SOURCES:
  connectivity:
    :path: ".symlinks/plugins/connectivity/ios"
  device_id:
    :path: ".symlinks/plugins/device_id/ios"
  Flutter:
    :path: Flutter
  flutter_is_emulator:
    :path: ".symlinks/plugins/flutter_is_emulator/ios"
  path_provider:
    :path: ".symlinks/plugins/path_provider/ios"

SPEC CHECKSUMS:
  connectivity: c4130b2985d4ef6fd26f9702e886bd5260681467
  device_id: 4a0bf078741a3eec6ba0e6cc72e786395d5991b0
  Flutter: 0e3d915762c693b495b44d77113d4970485de6ec
  flutter_is_emulator: b1d882329a081ea30e0e335f1dbe782f5a34242a
  path_provider: abfe2b5c733d04e238b0d8691db0cfd63a27a93c
  Reachability: 33e18b67625424e47b6cde6d202dce689ad7af96

PODFILE CHECKSUM: aafe91acc616949ddb318b77800a7f51bffa2a4c

COCOAPODS: 1.9.1
